
Microsoft Visual Studio Solution File, Format Version 12.00
# Visual Studio Version 17
VisualStudioVersion = 17.7.34009.444
MinimumVisualStudioVersion = 10.0.40219.1
Project("{FAE04EC0-301F-11D3-BF4B-00C04F79EFBC}") = "Prova desenvolvedor", "Prova desenvolvedor\Prova desenvolvedor.csproj", "{95A5F638-B934-406C-AACA-621ED51DACAC}"
EndProject
Global
	GlobalSection(SolutionConfigurationPlatforms) = preSolution
		Debug|Any CPU = Debug|Any CPU
		Release|Any CPU = Release|Any CPU
	EndGlobalSection
	GlobalSection(ProjectConfigurationPlatforms) = postSolution
		{95A5F638-B934-406C-AACA-621ED51DACAC}.Debug|Any CPU.ActiveCfg = Debug|Any CPU
		{95A5F638-B934-406C-AACA-621ED51DACAC}.Debug|Any CPU.Build.0 = Debug|Any CPU
		{95A5F638-B934-406C-AACA-621ED51DACAC}.Release|Any CPU.ActiveCfg = Release|Any CPU
		{95A5F638-B934-406C-AACA-621ED51DACAC}.Release|Any CPU.Build.0 = Release|Any CPU
	EndGlobalSection
	GlobalSection(SolutionProperties) = preSolution
		HideSolutionNode = FALSE
	EndGlobalSection
	GlobalSection(ExtensibilityGlobals) = postSolution
		SolutionGuid = {5839766C-35A3-44ED-A0BC-4EB60FFF457C}
	EndGlobalSection
EndGlobal
